
Microsoft Visual Studio Solution File, Format Version 12.00
# Visual Studio 15
Project("{FAE04EC0-301F-11D3-BF4B-00C04F79EFBC}") = "OOAD_labb1", "OOAD_labb1.csproj", "{0B827181-9D96-4C8F-9EE9-F1988F129382}"
EndProject
Global
	GlobalSection(SolutionConfigurationPlatforms) = preSolution
		Debug|anycpu = Debug|anycpu
		Release|anycpu = Release|anycpu
	EndGlobalSection
	GlobalSection(ProjectConfigurationPlatforms) = postSolution
		{0B827181-9D96-4C8F-9EE9-F1988F129382}.Debug|anycpu.ActiveCfg = Debug|anycpu
		{0B827181-9D96-4C8F-9EE9-F1988F129382}.Debug|anycpu.Build.0 = Debug|anycpu
		{0B827181-9D96-4C8F-9EE9-F1988F129382}.Release|anycpu.ActiveCfg = Release|anycpu
		{0B827181-9D96-4C8F-9EE9-F1988F129382}.Release|anycpu.Build.0 = Release|anycpu
	EndGlobalSection
EndGlobal
